Microsoft Visual Studio Solution File, Format Version 10.00
# Visual Studio 2008

Project("{6F2217C2-2FE7-39D3-5B55-74A20F0EE56D}") = "UnitySampleProject", "UnitySampleProject.csproj", "{A5155A4A-C7F5-044C-DF8D-B01ACB8398C3}"
EndProject
Global
	GlobalSection(SolutionConfigurationPlatforms) = preSolution
		Debug|Any CPU = Debug|Any CPU
		Release|Any CPU = Release|Any CPU
	EndGlobalSection
	GlobalSection(ProjectConfigurationPlatforms) = postSolution
		{A5155A4A-C7F5-044C-DF8D-B01ACB8398C3}.Debug|Any CPU.ActiveCfg = Debug|Any CPU
		{A5155A4A-C7F5-044C-DF8D-B01ACB8398C3}.Debug|Any CPU.Build.0 = Debug|Any CPU
		{A5155A4A-C7F5-044C-DF8D-B01ACB8398C3}.Release|Any CPU.ActiveCfg = Release|Any CPU
		{A5155A4A-C7F5-044C-DF8D-B01ACB8398C3}.Release|Any CPU.Build.0 = Release|Any CPU
	EndGlobalSection
	GlobalSection(SolutionProperties) = preSolution
		HideSolutionNode = FALSE
	EndGlobalSection
	
EndGlobal
